// !$*UTF8*$!
{
	archiveVersion = 1;
	classes = {
	};
	objectVersion = 46;
	objects = {

/* Begin PBXBuildFile section */
		4F4C72BB1F38925D006F36F3 /* UIColorExtension.swift in Sources */ = {isa = PBXBuildFile; fileRef = 4F4C72BA1F38925D006F36F3 /* UIColorExtension.swift */; };
		4F4C72BD1F38B2B7006F36F3 /* DateExtension.swift in Sources */ = {isa = PBXBuildFile; fileRef = 4F4C72BC1F38B2B7006F36F3 /* DateExtension.swift */; };
		4F4C72C61F38E18C006F36F3 /* UIViewControllerExtension.swift in Sources */ = {isa = PBXBuildFile; fileRef = 4F4C72C51F38E18C006F36F3 /* UIViewControllerExtension.swift */; };
		4F4C72C81F38E4CE006F36F3 /* BUButton.swift in Sources */ = {isa = PBXBuildFile; fileRef = 4F4C72C71F38E4CE006F36F3 /* BUButton.swift */; };
		8D0AB8C31CCD785C00659565 /* MealModel.xcdatamodeld in Sources */ = {isa = PBXBuildFile; fileRef = 8D0AB8C11CCD785C00659565 /* MealModel.xcdatamodeld */; };
		8D1129DE1CCAF7B500A94B27 /* Constants.swift in Sources */ = {isa = PBXBuildFile; fileRef = 8D1129DD1CCAF7B500A94B27 /* Constants.swift */; };
		8D41D3E41CB7DC6D007996C7 /* AppDelegate.swift in Sources */ = {isa = PBXBuildFile; fileRef = 8D41D3E31CB7DC6D007996C7 /* AppDelegate.swift */; };
		8D41D3E91CB7DC6D007996C7 /* Main.storyboard in Resources */ = {isa = PBXBuildFile; fileRef = 8D41D3E71CB7DC6D007996C7 /* Main.storyboard */; };
		8D41D3EE1CB7DC6D007996C7 /* Assets.xcassets in Resources */ = {isa = PBXBuildFile; fileRef = 8D41D3ED1CB7DC6D007996C7 /* Assets.xcassets */; };
		8D41D3F11CB7DC6D007996C7 /* LaunchScreen.storyboard in Resources */ = {isa = PBXBuildFile; fileRef = 8D41D3EF1CB7DC6D007996C7 /* LaunchScreen.storyboard */; };
		8D8BA1131CCAA77F004D70AB /* Montserrat-Black.otf in Resources */ = {isa = PBXBuildFile; fileRef = 8D8BA10B1CCAA77F004D70AB /* Montserrat-Black.otf */; };
		8D8BA1141CCAA77F004D70AB /* Montserrat-Bold.otf in Resources */ = {isa = PBXBuildFile; fileRef = 8D8BA10C1CCAA77F004D70AB /* Montserrat-Bold.otf */; };
		8D8BA1151CCAA77F004D70AB /* Montserrat-ExtraBold.otf in Resources */ = {isa = PBXBuildFile; fileRef = 8D8BA10D1CCAA77F004D70AB /* Montserrat-ExtraBold.otf */; };
		8D8BA1161CCAA77F004D70AB /* Montserrat-Hairline.otf in Resources */ = {isa = PBXBuildFile; fileRef = 8D8BA10E1CCAA77F004D70AB /* Montserrat-Hairline.otf */; };
		8D8BA1171CCAA77F004D70AB /* Montserrat-Light.otf in Resources */ = {isa = PBXBuildFile; fileRef = 8D8BA10F1CCAA77F004D70AB /* Montserrat-Light.otf */; };
		8D8BA1181CCAA77F004D70AB /* Montserrat-Regular.otf in Resources */ = {isa = PBXBuildFile; fileRef = 8D8BA1101CCAA77F004D70AB /* Montserrat-Regular.otf */; };
		8D8BA1191CCAA77F004D70AB /* Montserrat-SemiBold.otf in Resources */ = {isa = PBXBuildFile; fileRef = 8D8BA1111CCAA77F004D70AB /* Montserrat-SemiBold.otf */; };
		8D8BA11A1CCAA77F004D70AB /* Montserrat-UltraLight.otf in Resources */ = {isa = PBXBuildFile; fileRef = 8D8BA1121CCAA77F004D70AB /* Montserrat-UltraLight.otf */; };
		8DDAFE8A1CC5668100197E94 /* CardTableViewController.swift in Sources */ = {isa = PBXBuildFile; fileRef = 8DDAFE891CC5668100197E94 /* CardTableViewController.swift */; };
		8DDAFE8C1CC568BA00197E94 /* CardTableViewCell.swift in Sources */ = {isa = PBXBuildFile; fileRef = 8DDAFE8B1CC568BA00197E94 /* CardTableViewCell.swift */; };
		8DDAFE8E1CC58E4B00197E94 /* Meal.swift in Sources */ = {isa = PBXBuildFile; fileRef = 8DDAFE8D1CC58E4B00197E94 /* Meal.swift */; };
		8DDC6FF41CC69E78005B1C24 /* TableSectionHeader.swift in Sources */ = {isa = PBXBuildFile; fileRef = 8DDC6FF31CC69E78005B1C24 /* TableSectionHeader.swift */; };
		D9F526C4E8C2A4E16FD01886 /* Pods_BUYemek.framework in Frameworks */ = {isa = PBXBuildFile; fileRef = A975254429986C017EF5BB6A /* Pods_BUYemek.framework */; };
/* End PBXBuildFile section */

/* Begin PBXFileReference section */
		05EE5B90000517777BD24DC8 /* Pods-BUYemek.debug.xcconfig */ = {isa = PBXFileReference; includeInIndex = 1; lastKnownFileType = text.xcconfig; name = "Pods-BUYemek.debug.xcconfig"; path = "Pods/Target Support Files/Pods-BUYemek/Pods-BUYemek.debug.xcconfig"; sourceTree = "<group>"; };
		39B16E3DC7C35102C3EBE4D2 /* Pods-BUYemek.release.xcconfig */ = {isa = PBXFileReference; includeInIndex = 1; lastKnownFileType = text.xcconfig; name = "Pods-BUYemek.release.xcconfig"; path = "Pods/Target Support Files/Pods-BUYemek/Pods-BUYemek.release.xcconfig"; sourceTree = "<group>"; };
		4F4C72BA1F38925D006F36F3 /* UIColorExtension.swift */ = {isa = PBXFileReference; fileEncoding = 4; lastKnownFileType = sourcecode.swift; path = UIColorExtension.swift; sourceTree = "<group>"; };
		4F4C72BC1F38B2B7006F36F3 /* DateExtension.swift */ = {isa = PBXFileReference; fileEncoding = 4; lastKnownFileType = sourcecode.swift; path = DateExtension.swift; sourceTree = "<group>"; };
		4F4C72C51F38E18C006F36F3 /* UIViewControllerExtension.swift */ = {isa = PBXFileReference; fileEncoding = 4; lastKnownFileType = sourcecode.swift; path = UIViewControllerExtension.swift; sourceTree = "<group>"; };
		4F4C72C71F38E4CE006F36F3 /* BUButton.swift */ = {isa = PBXFileReference; fileEncoding = 4; lastKnownFileType = sourcecode.swift; path = BUButton.swift; sourceTree = "<group>"; };
		859A277AC2FB64EA55C145FA /* Pods_bounyemekhane.framework */ = {isa = PBXFileReference; explicitFileType = wrapper.framework; includeInIndex = 0; path = Pods_bounyemekhane.framework; sourceTree = BUILT_PRODUCTS_DIR; };
		8D02F1B21CC8403700D81824 /* FoodDetailsViewController.swift */ = {isa = PBXFileReference; fileEncoding = 4; lastKnownFileType = sourcecode.swift; path = FoodDetailsViewController.swift; sourceTree = "<group>"; };
		8D0AB8C21CCD785C00659565 /* MealModel.xcdatamodel */ = {isa = PBXFileReference; lastKnownFileType = wrapper.xcdatamodel; path = MealModel.xcdatamodel; sourceTree = "<group>"; };
		8D1129DD1CCAF7B500A94B27 /* Constants.swift */ = {isa = PBXFileReference; fileEncoding = 4; lastKnownFileType = sourcecode.swift; path = Constants.swift; sourceTree = "<group>"; };
		8D41D3E01CB7DC6D007996C7 /* BUYemek.app */ = {isa = PBXFileReference; explicitFileType = wrapper.application; includeInIndex = 0; path = BUYemek.app; sourceTree = BUILT_PRODUCTS_DIR; };
		8D41D3E31CB7DC6D007996C7 /* AppDelegate.swift */ = {isa = PBXFileReference; lastKnownFileType = sourcecode.swift; path = AppDelegate.swift; sourceTree = "<group>"; };
		8D41D3E81CB7DC6D007996C7 /* Base */ = {isa = PBXFileReference; lastKnownFileType = file.storyboard; name = Base; path = Base.lproj/Main.storyboard; sourceTree = "<group>"; };
		8D41D3ED1CB7DC6D007996C7 /* Assets.xcassets */ = {isa = PBXFileReference; lastKnownFileType = folder.assetcatalog; path = Assets.xcassets; sourceTree = "<group>"; };
		8D41D3F01CB7DC6D007996C7 /* Base */ = {isa = PBXFileReference; lastKnownFileType = file.storyboard; name = Base; path = Base.lproj/LaunchScreen.storyboard; sourceTree = "<group>"; };
		8D41D3F21CB7DC6D007996C7 /* Info.plist */ = {isa = PBXFileReference; lastKnownFileType = text.plist.xml; path = Info.plist; sourceTree = "<group>"; };
		8D8BA10B1CCAA77F004D70AB /* Montserrat-Black.otf */ = {isa = PBXFileReference; lastKnownFileType = file; path = "Montserrat-Black.otf"; sourceTree = "<group>"; };
		8D8BA10C1CCAA77F004D70AB /* Montserrat-Bold.otf */ = {isa = PBXFileReference; lastKnownFileType = file; path = "Montserrat-Bold.otf"; sourceTree = "<group>"; };
		8D8BA10D1CCAA77F004D70AB /* Montserrat-ExtraBold.otf */ = {isa = PBXFileReference; lastKnownFileType = file; path = "Montserrat-ExtraBold.otf"; sourceTree = "<group>"; };
		8D8BA10E1CCAA77F004D70AB /* Montserrat-Hairline.otf */ = {isa = PBXFileReference; lastKnownFileType = file; path = "Montserrat-Hairline.otf"; sourceTree = "<group>"; };
		8D8BA10F1CCAA77F004D70AB /* Montserrat-Light.otf */ = {isa = PBXFileReference; lastKnownFileType = file; path = "Montserrat-Light.otf"; sourceTree = "<group>"; };
		8D8BA1101CCAA77F004D70AB /* Montserrat-Regular.otf */ = {isa = PBXFileReference; lastKnownFileType = file; path = "Montserrat-Regular.otf"; sourceTree = "<group>"; };
		8D8BA1111CCAA77F004D70AB /* Montserrat-SemiBold.otf */ = {isa = PBXFileReference; lastKnownFileType = file; path = "Montserrat-SemiBold.otf"; sourceTree = "<group>"; };
		8D8BA1121CCAA77F004D70AB /* Montserrat-UltraLight.otf */ = {isa = PBXFileReference; lastKnownFileType = file; path = "Montserrat-UltraLight.otf"; sourceTree = "<group>"; };
		8DDAFE891CC5668100197E94 /* CardTableViewController.swift */ = {isa = PBXFileReference; fileEncoding = 4; lastKnownFileType = sourcecode.swift; path = CardTableViewController.swift; sourceTree = "<group>"; };
		8DDAFE8B1CC568BA00197E94 /* CardTableViewCell.swift */ = {isa = PBXFileReference; fileEncoding = 4; lastKnownFileType = sourcecode.swift; path = CardTableViewCell.swift; sourceTree = "<group>"; };
		8DDAFE8D1CC58E4B00197E94 /* Meal.swift */ = {isa = PBXFileReference; fileEncoding = 4; lastKnownFileType = sourcecode.swift; path = Meal.swift; sourceTree = "<group>"; };
		8DDC6FF31CC69E78005B1C24 /* TableSectionHeader.swift */ = {isa = PBXFileReference; fileEncoding = 4; lastKnownFileType = sourcecode.swift; path = TableSectionHeader.swift; sourceTree = "<group>"; };
		A975254429986C017EF5BB6A /* Pods_BUYemek.framework */ = {isa = PBXFileReference; explicitFileType = wrapper.framework; includeInIndex = 0; path = Pods_BUYemek.framework; sourceTree = BUILT_PRODUCTS_DIR; };
/* End PBXFileReference section */

/* Begin PBXFrameworksBuildPhase section */
		8D41D3DD1CB7DC6D007996C7 /* Frameworks */ = {
			isa = PBXFrameworksBuildPhase;
			buildActionMask = 2147483647;
			files = (
				D9F526C4E8C2A4E16FD01886 /* Pods_BUYemek.framework in Frameworks */,
			);
			runOnlyForDeploymentPostprocessing = 0;
		};
/* End PBXFrameworksBuildPhase section */

/* Begin PBXGroup section */
		3B71B0F8B15D772EBE94995E /* Pods */ = {
			isa = PBXGroup;
			children = (
				05EE5B90000517777BD24DC8 /* Pods-BUYemek.debug.xcconfig */,
				39B16E3DC7C35102C3EBE4D2 /* Pods-BUYemek.release.xcconfig */,
			);
			name = Pods;
			sourceTree = "<group>";
		};
		4F4C72BE1F38DE1D006F36F3 /* Extensions */ = {
			isa = PBXGroup;
			children = (
				4F4C72BA1F38925D006F36F3 /* UIColorExtension.swift */,
				4F4C72BC1F38B2B7006F36F3 /* DateExtension.swift */,
				4F4C72C51F38E18C006F36F3 /* UIViewControllerExtension.swift */,
			);
			name = Extensions;
			sourceTree = "<group>";
		};
		4F4C72BF1F38DE50006F36F3 /* View Controllers */ = {
			isa = PBXGroup;
			children = (
				8DDAFE891CC5668100197E94 /* CardTableViewController.swift */,
				8D02F1B21CC8403700D81824 /* FoodDetailsViewController.swift */,
			);
			name = "View Controllers";
			sourceTree = "<group>";
		};
		4F4C72C01F38DE60006F36F3 /* Subclasses */ = {
			isa = PBXGroup;
			children = (
				8DDC6FF31CC69E78005B1C24 /* TableSectionHeader.swift */,
				8DDAFE8B1CC568BA00197E94 /* CardTableViewCell.swift */,
				4F4C72C71F38E4CE006F36F3 /* BUButton.swift */,
			);
			name = Subclasses;
			sourceTree = "<group>";
		};
		4F4C72C11F38DE7D006F36F3 /* Storyboards */ = {
			isa = PBXGroup;
			children = (
				8D41D3EF1CB7DC6D007996C7 /* LaunchScreen.storyboard */,
				8D41D3E71CB7DC6D007996C7 /* Main.storyboard */,
			);
			name = Storyboards;
			sourceTree = "<group>";
		};
		4F4C72C21F38DE96006F36F3 /* Utility */ = {
			isa = PBXGroup;
			children = (
				8D1129DD1CCAF7B500A94B27 /* Constants.swift */,
				4F4C72C01F38DE60006F36F3 /* Subclasses */,
				4F4C72BE1F38DE1D006F36F3 /* Extensions */,
			);
			name = Utility;
			sourceTree = "<group>";
		};
		4F4C72C31F38DECD006F36F3 /* Resources */ = {
			isa = PBXGroup;
			children = (
				8D02F1B11CC8380900D81824 /* Fonts */,
				8D0AB8C11CCD785C00659565 /* MealModel.xcdatamodeld */,
				8D41D3ED1CB7DC6D007996C7 /* Assets.xcassets */,
			);
			name = Resources;
			sourceTree = "<group>";
		};
		4F4C72C41F38DEFE006F36F3 /* Models */ = {
			isa = PBXGroup;
			children = (
				8DDAFE8D1CC58E4B00197E94 /* Meal.swift */,
			);
			name = Models;
			sourceTree = "<group>";
		};
		8D02F1B11CC8380900D81824 /* Fonts */ = {
			isa = PBXGroup;
			children = (
				8D8BA10B1CCAA77F004D70AB /* Montserrat-Black.otf */,
				8D8BA10C1CCAA77F004D70AB /* Montserrat-Bold.otf */,
				8D8BA10D1CCAA77F004D70AB /* Montserrat-ExtraBold.otf */,
				8D8BA10E1CCAA77F004D70AB /* Montserrat-Hairline.otf */,
				8D8BA10F1CCAA77F004D70AB /* Montserrat-Light.otf */,
				8D8BA1101CCAA77F004D70AB /* Montserrat-Regular.otf */,
				8D8BA1111CCAA77F004D70AB /* Montserrat-SemiBold.otf */,
				8D8BA1121CCAA77F004D70AB /* Montserrat-UltraLight.otf */,
			);
			name = Fonts;
			sourceTree = "<group>";
		};
		8D41D3D71CB7DC6D007996C7 = {
			isa = PBXGroup;
			children = (
				8D41D3E21CB7DC6D007996C7 /* bounyemekhane */,
				8D41D3E11CB7DC6D007996C7 /* Products */,
				3B71B0F8B15D772EBE94995E /* Pods */,
				C1DCF950328F6A22DB3E91DB /* Frameworks */,
			);
			sourceTree = "<group>";
		};
		8D41D3E11CB7DC6D007996C7 /* Products */ = {
			isa = PBXGroup;
			children = (
				8D41D3E01CB7DC6D007996C7 /* BUYemek.app */,
			);
			name = Products;
			sourceTree = "<group>";
		};
		8D41D3E21CB7DC6D007996C7 /* bounyemekhane */ = {
			isa = PBXGroup;
			children = (
				8D41D3E31CB7DC6D007996C7 /* AppDelegate.swift */,
				4F4C72C21F38DE96006F36F3 /* Utility */,
				4F4C72C41F38DEFE006F36F3 /* Models */,
				4F4C72BF1F38DE50006F36F3 /* View Controllers */,
				4F4C72C11F38DE7D006F36F3 /* Storyboards */,
				4F4C72C31F38DECD006F36F3 /* Resources */,
				8D41D3F21CB7DC6D007996C7 /* Info.plist */,
			);
			path = bounyemekhane;
			sourceTree = "<group>";
		};
		C1DCF950328F6A22DB3E91DB /* Frameworks */ = {
			isa = PBXGroup;
			children = (
				859A277AC2FB64EA55C145FA /* Pods_bounyemekhane.framework */,
				A975254429986C017EF5BB6A /* Pods_BUYemek.framework */,
			);
			name = Frameworks;
			sourceTree = "<group>";
		};
/* End PBXGroup section */

/* Begin PBXNativeTarget section */
		8D41D3DF1CB7DC6D007996C7 /* BUYemek */ = {
			isa = PBXNativeTarget;
			buildConfigurationList = 8D41D3F51CB7DC6D007996C7 /* Build configuration list for PBXNativeTarget "BUYemek" */;
			buildPhases = (
				BCDAD753125EFA6F71D628D4 /* [CP] Check Pods Manifest.lock */,
				8D41D3DC1CB7DC6D007996C7 /* Sources */,
				8D41D3DD1CB7DC6D007996C7 /* Frameworks */,
				8D41D3DE1CB7DC6D007996C7 /* Resources */,
				6D054E56B2664CBB7989DF09 /* [CP] Embed Pods Frameworks */,
				A09F94C71183DD4D3F9A7454 /* [CP] Copy Pods Resources */,
			);
			buildRules = (
			);
			dependencies = (
			);
			name = BUYemek;
			productName = bounyemekhane;
			productReference = 8D41D3E01CB7DC6D007996C7 /* BUYemek.app */;
			productType = "com.apple.product-type.application";
		};
/* End PBXNativeTarget section */

/* Begin PBXProject section */
		8D41D3D81CB7DC6D007996C7 /* Project object */ = {
			isa = PBXProject;
			attributes = {
				LastSwiftUpdateCheck = 0730;
				LastUpgradeCheck = 0900;
				ORGANIZATIONNAME = "Samed Duzcay";
				TargetAttributes = {
					8D41D3DF1CB7DC6D007996C7 = {
						CreatedOnToolsVersion = 7.3;
						DevelopmentTeam = CU9SUZ54RA;
						LastSwiftMigration = 0830;
					};
				};
			};
			buildConfigurationList = 8D41D3DB1CB7DC6D007996C7 /* Build configuration list for PBXProject "BUYemek" */;
			compatibilityVersion = "Xcode 3.2";
			developmentRegion = English;
			hasScannedForEncodings = 0;
			knownRegions = (
				en,
				Base,
			);
			mainGroup = 8D41D3D71CB7DC6D007996C7;
			productRefGroup = 8D41D3E11CB7DC6D007996C7 /* Products */;
			projectDirPath = "";
			projectRoot = "";
			targets = (
				8D41D3DF1CB7DC6D007996C7 /* BUYemek */,
			);
		};
/* End PBXProject section */

/* Begin PBXResourcesBuildPhase section */
		8D41D3DE1CB7DC6D007996C7 /* Resources */ = {
			isa = PBXResourcesBuildPhase;
			buildActionMask = 2147483647;
			files = (
				8D8BA1151CCAA77F004D70AB /* Montserrat-ExtraBold.otf in Resources */,
				8D8BA11A1CCAA77F004D70AB /* Montserrat-UltraLight.otf in Resources */,
				8D8BA1141CCAA77F004D70AB /* Montserrat-Bold.otf in Resources */,
				8D8BA1161CCAA77F004D70AB /* Montserrat-Hairline.otf in Resources */,
				8D8BA1131CCAA77F004D70AB /* Montserrat-Black.otf in Resources */,
				8D41D3F11CB7DC6D007996C7 /* LaunchScreen.storyboard in Resources */,
				8D41D3EE1CB7DC6D007996C7 /* Assets.xcassets in Resources */,
				8D41D3E91CB7DC6D007996C7 /* Main.storyboard in Resources */,
				8D8BA1171CCAA77F004D70AB /* Montserrat-Light.otf in Resources */,
				8D8BA1181CCAA77F004D70AB /* Montserrat-Regular.otf in Resources */,
				8D8BA1191CCAA77F004D70AB /* Montserrat-SemiBold.otf in Resources */,
			);
			runOnlyForDeploymentPostprocessing = 0;
		};
/* End PBXResourcesBuildPhase section */

/* Begin PBXShellScriptBuildPhase section */
		6D054E56B2664CBB7989DF09 /* [CP] Embed Pods Frameworks */ = {
			isa = PBXShellScriptBuildPhase;
			buildActionMask = 2147483647;
			files = (
			);
			inputPaths = (
			);
			name = "[CP] Embed Pods Frameworks";
			outputPaths = (
			);
			runOnlyForDeploymentPostprocessing = 0;
			shellPath = /bin/sh;
			shellScript = "\"${SRCROOT}/Pods/Target Support Files/Pods-BUYemek/Pods-BUYemek-frameworks.sh\"\n";
			showEnvVarsInLog = 0;
		};
		A09F94C71183DD4D3F9A7454 /* [CP] Copy Pods Resources */ = {
			isa = PBXShellScriptBuildPhase;
			buildActionMask = 2147483647;
			files = (
			);
			inputPaths = (
			);
			name = "[CP] Copy Pods Resources";
			outputPaths = (
			);
			runOnlyForDeploymentPostprocessing = 0;
			shellPath = /bin/sh;
			shellScript = "\"${SRCROOT}/Pods/Target Support Files/Pods-BUYemek/Pods-BUYemek-resources.sh\"\n";
			showEnvVarsInLog = 0;
		};
		BCDAD753125EFA6F71D628D4 /* [CP] Check Pods Manifest.lock */ = {
			isa = PBXShellScriptBuildPhase;
			buildActionMask = 2147483647;
			files = (
			);
			inputPaths = (
			);
			name = "[CP] Check Pods Manifest.lock";
			outputPaths = (
			);
			runOnlyForDeploymentPostprocessing = 0;
			shellPath = /bin/sh;
			shellScript = "diff \"${PODS_PODFILE_DIR_PATH}/Podfile.lock\" \"${PODS_ROOT}/Manifest.lock\" > /dev/null\nif [ $? != 0 ] ; then\n    # print error to STDERR\n    echo \"error: The sandbox is not in sync with the Podfile.lock. Run 'pod install' or update your CocoaPods installation.\" >&2\n    exit 1\nfi\n";
			showEnvVarsInLog = 0;
		};
/* End PBXShellScriptBuildPhase section */

/* Begin PBXSourcesBuildPhase section */
		8D41D3DC1CB7DC6D007996C7 /* Sources */ = {
			isa = PBXSourcesBuildPhase;
			buildActionMask = 2147483647;
			files = (
				8DDAFE8E1CC58E4B00197E94 /* Meal.swift in Sources */,
				8D1129DE1CCAF7B500A94B27 /* Constants.swift in Sources */,
				4F4C72C61F38E18C006F36F3 /* UIViewControllerExtension.swift in Sources */,
				8D0AB8C31CCD785C00659565 /* MealModel.xcdatamodeld in Sources */,
				4F4C72BB1F38925D006F36F3 /* UIColorExtension.swift in Sources */,
				4F4C72BD1F38B2B7006F36F3 /* DateExtension.swift in Sources */,
				8D41D3E41CB7DC6D007996C7 /* AppDelegate.swift in Sources */,
				8DDAFE8C1CC568BA00197E94 /* CardTableViewCell.swift in Sources */,
				8DDC6FF41CC69E78005B1C24 /* TableSectionHeader.swift in Sources */,
				4F4C72C81F38E4CE006F36F3 /* BUButton.swift in Sources */,
				8DDAFE8A1CC5668100197E94 /* CardTableViewController.swift in Sources */,
			);
			runOnlyForDeploymentPostprocessing = 0;
		};
/* End PBXSourcesBuildPhase section */

/* Begin PBXVariantGroup section */
		8D41D3E71CB7DC6D007996C7 /* Main.storyboard */ = {
			isa = PBXVariantGroup;
			children = (
				8D41D3E81CB7DC6D007996C7 /* Base */,
			);
			name = Main.storyboard;
			sourceTree = "<group>";
		};
		8D41D3EF1CB7DC6D007996C7 /* LaunchScreen.storyboard */ = {
			isa = PBXVariantGroup;
			children = (
				8D41D3F01CB7DC6D007996C7 /* Base */,
			);
			name = LaunchScreen.storyboard;
			sourceTree = "<group>";
		};
/* End PBXVariantGroup section */

/* Begin XCBuildConfiguration section */
		8D41D3F31CB7DC6D007996C7 /* Debug */ = {
			isa = XCBuildConfiguration;
			buildSettings = {
				ALWAYS_SEARCH_USER_PATHS = NO;
				CLANG_ANALYZER_NONNULL = YES;
				CLANG_CXX_LANGUAGE_STANDARD = "gnu++0x";
				CLANG_CXX_LIBRARY = "libc++";
				CLANG_ENABLE_MODULES = YES;
				CLANG_ENABLE_OBJC_ARC = YES;
				CLANG_WARN_BLOCK_CAPTURE_AUTORELEASING = YES;
				CLANG_WARN_BOOL_CONVERSION = YES;
				CLANG_WARN_COMMA = YES;
				CLANG_WARN_CONSTANT_CONVERSION = YES;
				CLANG_WARN_DIRECT_OBJC_ISA_USAGE = YES_ERROR;
				CLANG_WARN_EMPTY_BODY = YES;
				CLANG_WARN_ENUM_CONVERSION = YES;
				CLANG_WARN_INFINITE_RECURSION = YES;
				CLANG_WARN_INT_CONVERSION = YES;
				CLANG_WARN_NON_LITERAL_NULL_CONVERSION = YES;
				CLANG_WARN_OBJC_LITERAL_CONVERSION = YES;
				CLANG_WARN_OBJC_ROOT_CLASS = YES_ERROR;
				CLANG_WARN_RANGE_LOOP_ANALYSIS = YES;
				CLANG_WARN_STRICT_PROTOTYPES = YES;
				CLANG_WARN_SUSPICIOUS_MOVE = YES;
				CLANG_WARN_UNREACHABLE_CODE = YES;
				CLANG_WARN__DUPLICATE_METHOD_MATCH = YES;
				"CODE_SIGN_IDENTITY[sdk=iphoneos*]" = "iPhone Developer";
				COPY_PHASE_STRIP = NO;
				DEBUG_INFORMATION_FORMAT = dwarf;
				ENABLE_STRICT_OBJC_MSGSEND = YES;
				ENABLE_TESTABILITY = YES;
				GCC_C_LANGUAGE_STANDARD = gnu99;
				GCC_DYNAMIC_NO_PIC = NO;
				GCC_NO_COMMON_BLOCKS = YES;
				GCC_OPTIMIZATION_LEVEL = 0;
				GCC_PREPROCESSOR_DEFINITIONS = (
					"DEBUG=1",
					"$(inherited)",
				);
				GCC_WARN_64_TO_32_BIT_CONVERSION = YES;
				GCC_WARN_ABOUT_RETURN_TYPE = YES_ERROR;
				GCC_WARN_UNDECLARED_SELECTOR = YES;
				GCC_WARN_UNINITIALIZED_AUTOS = YES_AGGRESSIVE;
				GCC_WARN_UNUSED_FUNCTION = YES;
				GCC_WARN_UNUSED_VARIABLE = YES;
				IPHONEOS_DEPLOYMENT_TARGET = 9.3;
				MTL_ENABLE_DEBUG_INFO = YES;
				ONLY_ACTIVE_ARCH = YES;
				SDKROOT = iphoneos;
				SWIFT_OPTIMIZATION_LEVEL = "-Onone";
				SWIFT_VERSION = 3.0;
				TARGETED_DEVICE_FAMILY = "1,2";
			};
			name = Debug;
		};
		8D41D3F41CB7DC6D007996C7 /* Release */ = {
			isa = XCBuildConfiguration;
			buildSettings = {
				ALWAYS_SEARCH_USER_PATHS = NO;
				CLANG_ANALYZER_NONNULL = YES;
				CLANG_CXX_LANGUAGE_STANDARD = "gnu++0x";
				CLANG_CXX_LIBRARY = "libc++";
				CLANG_ENABLE_MODULES = YES;
				CLANG_ENABLE_OBJC_ARC = YES;
				CLANG_WARN_BLOCK_CAPTURE_AUTORELEASING = YES;
				CLANG_WARN_BOOL_CONVERSION = YES;
				CLANG_WARN_COMMA = YES;
				CLANG_WARN_CONSTANT_CONVERSION = YES;
				CLANG_WARN_DIRECT_OBJC_ISA_USAGE = YES_ERROR;
				CLANG_WARN_EMPTY_BODY = YES;
				CLANG_WARN_ENUM_CONVERSION = YES;
				CLANG_WARN_INFINITE_RECURSION = YES;
				CLANG_WARN_INT_CONVERSION = YES;
				CLANG_WARN_NON_LITERAL_NULL_CONVERSION = YES;
				CLANG_WARN_OBJC_LITERAL_CONVERSION = YES;
				CLANG_WARN_OBJC_ROOT_CLASS = YES_ERROR;
				CLANG_WARN_RANGE_LOOP_ANALYSIS = YES;
				CLANG_WARN_STRICT_PROTOTYPES = YES;
				CLANG_WARN_SUSPICIOUS_MOVE = YES;
				CLANG_WARN_UNREACHABLE_CODE = YES;
				CLANG_WARN__DUPLICATE_METHOD_MATCH = YES;
				"CODE_SIGN_IDENTITY[sdk=iphoneos*]" = "iPhone Developer";
				COPY_PHASE_STRIP = NO;
				DEBUG_INFORMATION_FORMAT = "dwarf-with-dsym";
				ENABLE_NS_ASSERTIONS = NO;
				ENABLE_STRICT_OBJC_MSGSEND = YES;
				GCC_C_LANGUAGE_STANDARD = gnu99;
				GCC_NO_COMMON_BLOCKS = YES;
				GCC_WARN_64_TO_32_BIT_CONVERSION = YES;
				GCC_WARN_ABOUT_RETURN_TYPE = YES_ERROR;
				GCC_WARN_UNDECLARED_SELECTOR = YES;
				GCC_WARN_UNINITIALIZED_AUTOS = YES_AGGRESSIVE;
				GCC_WARN_UNUSED_FUNCTION = YES;
				GCC_WARN_UNUSED_VARIABLE = YES;
				IPHONEOS_DEPLOYMENT_TARGET = 9.3;
				MTL_ENABLE_DEBUG_INFO = NO;
				SDKROOT = iphoneos;
				SWIFT_OPTIMIZATION_LEVEL = "-Owholemodule";
				SWIFT_VERSION = 3.0;
				TARGETED_DEVICE_FAMILY = "1,2";
				VALIDATE_PRODUCT = YES;
			};
			name = Release;
		};
		8D41D3F61CB7DC6D007996C7 /* Debug */ = {
			isa = XCBuildConfiguration;
			baseConfigurationReference = 05EE5B90000517777BD24DC8 /* Pods-BUYemek.debug.xcconfig */;
			buildSettings = {
				ALWAYS_EMBED_SWIFT_STANDARD_LIBRARIES = YES;
				ASSETCATALOG_COMPILER_APPICON_NAME = AppIcon;
				CODE_SIGN_IDENTITY = "iPhone Developer";
				"CODE_SIGN_IDENTITY[sdk=iphoneos*]" = "iPhone Developer";
				DEVELOPMENT_TEAM = CU9SUZ54RA;
				INFOPLIST_FILE = bounyemekhane/Info.plist;
				IPHONEOS_DEPLOYMENT_TARGET = 8.0;
				LD_RUNPATH_SEARCH_PATHS = "$(inherited) @executable_path/Frameworks";
				PRODUCT_BUNDLE_IDENTIFIER = com.smddzcy.bounyemekhane;
				PRODUCT_NAME = BUYemek;
				PROVISIONING_PROFILE = "";
				SWIFT_VERSION = 3.0;
			};
			name = Debug;
		};
		8D41D3F71CB7DC6D007996C7 /* Release */ = {
			isa = XCBuildConfiguration;
			baseConfigurationReference = 39B16E3DC7C35102C3EBE4D2 /* Pods-BUYemek.release.xcconfig */;
			buildSettings = {
				ALWAYS_EMBED_SWIFT_STANDARD_LIBRARIES = YES;
				ASSETCATALOG_COMPILER_APPICON_NAME = AppIcon;
				CODE_SIGN_IDENTITY = "iPhone Developer";
				"CODE_SIGN_IDENTITY[sdk=iphoneos*]" = "iPhone Developer";
				DEVELOPMENT_TEAM = CU9SUZ54RA;
				INFOPLIST_FILE = bounyemekhane/Info.plist;
				IPHONEOS_DEPLOYMENT_TARGET = 8.0;
				LD_RUNPATH_SEARCH_PATHS = "$(inherited) @executable_path/Frameworks";
				PRODUCT_BUNDLE_IDENTIFIER = com.smddzcy.bounyemekhane;
				PRODUCT_NAME = BUYemek;
				PROVISIONING_PROFILE = "";
				SWIFT_VERSION = 3.0;
			};
			name = Release;
		};
/* End XCBuildConfiguration section */

/* Begin XCConfigurationList section */
		8D41D3DB1CB7DC6D007996C7 /* Build configuration list for PBXProject "BUYemek" */ = {
			isa = XCConfigurationList;
			buildConfigurations = (
				8D41D3F31CB7DC6D007996C7 /* Debug */,
				8D41D3F41CB7DC6D007996C7 /* Release */,
			);
			defaultConfigurationIsVisible = 0;
			defaultConfigurationName = Release;
		};
		8D41D3F51CB7DC6D007996C7 /* Build configuration list for PBXNativeTarget "BUYemek" */ = {
			isa = XCConfigurationList;
			buildConfigurations = (
				8D41D3F61CB7DC6D007996C7 /* Debug */,
				8D41D3F71CB7DC6D007996C7 /* Release */,
			);
			defaultConfigurationIsVisible = 0;
			defaultConfigurationName = Release;
		};
/* End XCConfigurationList section */

/* Begin XCVersionGroup section */
		8D0AB8C11CCD785C00659565 /* MealModel.xcdatamodeld */ = {
			isa = XCVersionGroup;
			children = (
				8D0AB8C21CCD785C00659565 /* MealModel.xcdatamodel */,
			);
			currentVersion = 8D0AB8C21CCD785C00659565 /* MealModel.xcdatamodel */;
			path = MealModel.xcdatamodeld;
			sourceTree = "<group>";
			versionGroupType = wrapper.xcdatamodel;
		};
/* End XCVersionGroup section */
	};
	rootObject = 8D41D3D81CB7DC6D007996C7 /* Project object */;
}
